// !$*UTF8*$!
{
	archiveVersion = 1;
	classes = {
	};
	objectVersion = 46;
	objects = {

/* Begin PBXBuildFile section */
		8F50B4B51B7327D400584140 /* AppDelegate.swift in Sources */ = {isa = PBXBuildFile; fileRef = 8F50B4B41B7327D400584140 /* AppDelegate.swift */; };
		8F50B4B71B7327D400584140 /* ViewController.swift in Sources */ = {isa = PBXBuildFile; fileRef = 8F50B4B61B7327D400584140 /* ViewController.swift */; };
		8F50B4BA1B7327D400584140 /* Main.storyboard in Resources */ = {isa = PBXBuildFile; fileRef = 8F50B4B81B7327D400584140 /* Main.storyboard */; };
		8F50B4BC1B7327D400584140 /* Images.xcassets in Resources */ = {isa = PBXBuildFile; fileRef = 8F50B4BB1B7327D400584140 /* Images.xcassets */; };
		8F50B4BF1B7327D400584140 /* LaunchScreen.xib in Resources */ = {isa = PBXBuildFile; fileRef = 8F50B4BD1B7327D400584140 /* LaunchScreen.xib */; };
		8F50B4CB1B7327D400584140 /* helloWorldTests.swift in Sources */ = {isa = PBXBuildFile; fileRef = 8F50B4CA1B7327D400584140 /* helloWorldTests.swift */; };
/* End PBXBuildFile section */

/* Begin PBXContainerItemProxy section */
		8F50B4C51B7327D400584140 /* PBXContainerItemProxy */ = {
			isa = PBXContainerItemProxy;
			containerPortal = 8F50B4A71B7327D300584140 /* Project object */;
			proxyType = 1;
			remoteGlobalIDString = 8F50B4AE1B7327D300584140;
			remoteInfo = helloWorld;
		};
/* End PBXContainerItemProxy section */

/* Begin PBXFileReference section */
		8F50B4AF1B7327D300584140 /* helloWorld.app */ = {isa = PBXFileReference; explicitFileType = wrapper.application; includeInIndex = 0; path = helloWorld.app; sourceTree = BUILT_PRODUCTS_DIR; };
		8F50B4B31B7327D400584140 /* Info.plist */ = {isa = PBXFileReference; lastKnownFileType = text.plist.xml; path = Info.plist; sourceTree = "<group>"; };
		8F50B4B41B7327D400584140 /* AppDelegate.swift */ = {isa = PBXFileReference; lastKnownFileType = sourcecode.swift; path = AppDelegate.swift; sourceTree = "<group>"; };
		8F50B4B61B7327D400584140 /* ViewController.swift */ = {isa = PBXFileReference; lastKnownFileType = sourcecode.swift; path = ViewController.swift; sourceTree = "<group>"; };
		8F50B4B91B7327D400584140 /* Base */ = {isa = PBXFileReference; lastKnownFileType = file.storyboard; name = Base; path = Base.lproj/Main.storyboard; sourceTree = "<group>"; };
		8F50B4BB1B7327D400584140 /* Images.xcassets */ = {isa = PBXFileReference; lastKnownFileType = folder.assetcatalog; path = Images.xcassets; sourceTree = "<group>"; };
		8F50B4BE1B7327D400584140 /* Base */ = {isa = PBXFileReference; lastKnownFileType = file.xib; name = Base; path = Base.lproj/LaunchScreen.xib; sourceTree = "<group>"; };
		8F50B4C41B7327D400584140 /* helloWorldTests.xctest */ = {isa = PBXFileReference; explicitFileType = wrapper.cfbundle; includeInIndex = 0; path = helloWorldTests.xctest; sourceTree = BUILT_PRODUCTS_DIR; };
		8F50B4C91B7327D400584140 /* Info.plist */ = {isa = PBXFileReference; lastKnownFileType = text.plist.xml; path = Info.plist; sourceTree = "<group>"; };
		8F50B4CA1B7327D400584140 /* helloWorldTests.swift */ = {isa = PBXFileReference; lastKnownFileType = sourcecode.swift; path = helloWorldTests.swift; sourceTree = "<group>"; };
/* End PBXFileReference section */

/* Begin PBXFrameworksBuildPhase section */
		8F50B4AC1B7327D300584140 /* Frameworks */ = {
			isa = PBXFrameworksBuildPhase;
			buildActionMask = 2147483647;
			files = (
			);
			runOnlyForDeploymentPostprocessing = 0;
		};
		8F50B4C11B7327D400584140 /* Frameworks */ = {
			isa = PBXFrameworksBuildPhase;
			buildActionMask = 2147483647;
			files = (
			);
			runOnlyForDeploymentPostprocessing = 0;
		};
/* End PBXFrameworksBuildPhase section */

/* Begin PBXGroup section */
		8F50B4A61B7327D300584140 = {
			isa = PBXGroup;
			children = (
				8F50B4B11B7327D300584140 /* helloWorld */,
				8F50B4C71B7327D400584140 /* helloWorldTests */,
				8F50B4B01B7327D300584140 /* Products */,
			);
			sourceTree = "<group>";
		};
		8F50B4B01B7327D300584140 /* Products */ = {
			isa = PBXGroup;
			children = (
				8F50B4AF1B7327D300584140 /* helloWorld.app */,
				8F50B4C41B7327D400584140 /* helloWorldTests.xctest */,
			);
			name = Products;
			sourceTree = "<group>";
		};
		8F50B4B11B7327D300584140 /* helloWorld */ = {
			isa = PBXGroup;
			children = (
				8F50B4B41B7327D400584140 /* AppDelegate.swift */,
				8F50B4B61B7327D400584140 /* ViewController.swift */,
				8F50B4B81B7327D400584140 /* Main.storyboard */,
				8F50B4BB1B7327D400584140 /* Images.xcassets */,
				8F50B4BD1B7327D400584140 /* LaunchScreen.xib */,
				8F50B4B21B7327D300584140 /* Supporting Files */,
			);
			path = helloWorld;
			sourceTree = "<group>";
		};
		8F50B4B21B7327D300584140 /* Supporting Files */ = {
			isa = PBXGroup;
			children = (
				8F50B4B31B7327D400584140 /* Info.plist */,
			);
			name = "Supporting Files";
			sourceTree = "<group>";
		};
		8F50B4C71B7327D400584140 /* helloWorldTests */ = {
			isa = PBXGroup;
			children = (
				8F50B4CA1B7327D400584140 /* helloWorldTests.swift */,
				8F50B4C81B7327D400584140 /* Supporting Files */,
			);
			path = helloWorldTests;
			sourceTree = "<group>";
		};
		8F50B4C81B7327D400584140 /* Supporting Files */ = {
			isa = PBXGroup;
			children = (
				8F50B4C91B7327D400584140 /* Info.plist */,
			);
			name = "Supporting Files";
			sourceTree = "<group>";
		};
/* End PBXGroup section */

/* Begin PBXNativeTarget section */
		8F50B4AE1B7327D300584140 /* helloWorld */ = {
			isa = PBXNativeTarget;
			buildConfigurationList = 8F50B4CE1B7327D400584140 /* Build configuration list for PBXNativeTarget "helloWorld" */;
			buildPhases = (
				8F50B4AB1B7327D300584140 /* Sources */,
				8F50B4AC1B7327D300584140 /* Frameworks */,
				8F50B4AD1B7327D300584140 /* Resources */,
			);
			buildRules = (
			);
			dependencies = (
			);
			name = helloWorld;
			productName = helloWorld;
			productReference = 8F50B4AF1B7327D300584140 /* helloWorld.app */;
			productType = "com.apple.product-type.application";
		};
		8F50B4C31B7327D400584140 /* helloWorldTests */ = {
			isa = PBXNativeTarget;
			buildConfigurationList = 8F50B4D11B7327D400584140 /* Build configuration list for PBXNativeTarget "helloWorldTests" */;
			buildPhases = (
				8F50B4C01B7327D400584140 /* Sources */,
				8F50B4C11B7327D400584140 /* Frameworks */,
				8F50B4C21B7327D400584140 /* Resources */,
			);
			buildRules = (
			);
			dependencies = (
				8F50B4C61B7327D400584140 /* PBXTargetDependency */,
			);
			name = helloWorldTests;
			productName = helloWorldTests;
			productReference = 8F50B4C41B7327D400584140 /* helloWorldTests.xctest */;
			productType = "com.apple.product-type.bundle.unit-test";
		};
/* End PBXNativeTarget section */

/* Begin PBXProject section */
		8F50B4A71B7327D300584140 /* Project object */ = {
			isa = PBXProject;
			attributes = {
				LastUpgradeCheck = 0630;
				ORGANIZATIONNAME = "Jorge Honorat";
				TargetAttributes = {
					8F50B4AE1B7327D300584140 = {
						CreatedOnToolsVersion = 6.3.2;
					};
					8F50B4C31B7327D400584140 = {
						CreatedOnToolsVersion = 6.3.2;
						TestTargetID = 8F50B4AE1B7327D300584140;
					};
				};
			};
			buildConfigurationList = 8F50B4AA1B7327D300584140 /* Build configuration list for PBXProject "helloWorld" */;
			compatibilityVersion = "Xcode 3.2";
			developmentRegion = English;
			hasScannedForEncodings = 0;
			knownRegions = (
				en,
				Base,
			);
			mainGroup = 8F50B4A61B7327D300584140;
			productRefGroup = 8F50B4B01B7327D300584140 /* Products */;
			projectDirPath = "";
			projectRoot = "";
			targets = (
				8F50B4AE1B7327D300584140 /* helloWorld */,
				8F50B4C31B7327D400584140 /* helloWorldTests */,
			);
		};
/* End PBXProject section */

/* Begin PBXResourcesBuildPhase section */
		8F50B4AD1B7327D300584140 /* Resources */ = {
			isa = PBXResourcesBuildPhase;
			buildActionMask = 2147483647;
			files = (
				8F50B4BA1B7327D400584140 /* Main.storyboard in Resources */,
				8F50B4BF1B7327D400584140 /* LaunchScreen.xib in Resources */,
				8F50B4BC1B7327D400584140 /* Images.xcassets in Resources */,
			);
			runOnlyForDeploymentPostprocessing = 0;
		};
		8F50B4C21B7327D400584140 /* Resources */ = {
			isa = PBXResourcesBuildPhase;
			buildActionMask = 2147483647;
			files = (
			);
			runOnlyForDeploymentPostprocessing = 0;
		};
/* End PBXResourcesBuildPhase section */

/* Begin PBXSourcesBuildPhase section */
		8F50B4AB1B7327D300584140 /* Sources */ = {
			isa = PBXSourcesBuildPhase;
			buildActionMask = 2147483647;
			files = (
				8F50B4B71B7327D400584140 /* ViewController.swift in Sources */,
				8F50B4B51B7327D400584140 /* AppDelegate.swift in Sources */,
			);
			runOnlyForDeploymentPostprocessing = 0;
		};
		8F50B4C01B7327D400584140 /* Sources */ = {
			isa = PBXSourcesBuildPhase;
			buildActionMask = 2147483647;
			files = (
				8F50B4CB1B7327D400584140 /* helloWorldTests.swift in Sources */,
			);
			runOnlyForDeploymentPostprocessing = 0;
		};
/* End PBXSourcesBuildPhase section */

/* Begin PBXTargetDependency section */
		8F50B4C61B7327D400584140 /* PBXTargetDependency */ = {
			isa = PBXTargetDependency;
			target = 8F50B4AE1B7327D300584140 /* helloWorld */;
			targetProxy = 8F50B4C51B7327D400584140 /* PBXContainerItemProxy */;
		};
/* End PBXTargetDependency section */

/* Begin PBXVariantGroup section */
		8F50B4B81B7327D400584140 /* Main.storyboard */ = {
			isa = PBXVariantGroup;
			children = (
				8F50B4B91B7327D400584140 /* Base */,
			);
			name = Main.storyboard;
			sourceTree = "<group>";
		};
		8F50B4BD1B7327D400584140 /* LaunchScreen.xib */ = {
			isa = PBXVariantGroup;
			children = (
				8F50B4BE1B7327D400584140 /* Base */,
			);
			name = LaunchScreen.xib;
			sourceTree = "<group>";
		};
/* End PBXVariantGroup section */

/* Begin XCBuildConfiguration section */
		8F50B4CC1B7327D400584140 /* Debug */ = {
			isa = XCBuildConfiguration;
			buildSettings = {
				ALWAYS_SEARCH_USER_PATHS = NO;
				CLANG_CXX_LANGUAGE_STANDARD = "gnu++0x";
				CLANG_CXX_LIBRARY = "libc++";
				CLANG_ENABLE_MODULES = YES;
				CLANG_ENABLE_OBJC_ARC = YES;
				CLANG_WARN_BOOL_CONVERSION = YES;
				CLANG_WARN_CONSTANT_CONVERSION = YES;
				CLANG_WARN_DIRECT_OBJC_ISA_USAGE = YES_ERROR;
				CLANG_WARN_EMPTY_BODY = YES;
				CLANG_WARN_ENUM_CONVERSION = YES;
				CLANG_WARN_INT_CONVERSION = YES;
				CLANG_WARN_OBJC_ROOT_CLASS = YES_ERROR;
				CLANG_WARN_UNREACHABLE_CODE = YES;
				CLANG_WARN__DUPLICATE_METHOD_MATCH = YES;
				"CODE_SIGN_IDENTITY[sdk=iphoneos*]" = "iPhone Developer";
				COPY_PHASE_STRIP = NO;
				DEBUG_INFORMATION_FORMAT = "dwarf-with-dsym";
				ENABLE_STRICT_OBJC_MSGSEND = YES;
				GCC_C_LANGUAGE_STANDARD = gnu99;
				GCC_DYNAMIC_NO_PIC = NO;
				GCC_NO_COMMON_BLOCKS = YES;
				GCC_OPTIMIZATION_LEVEL = 0;
				GCC_PREPROCESSOR_DEFINITIONS = (
					"DEBUG=1",
					"$(inherited)",
				);
				GCC_SYMBOLS_PRIVATE_EXTERN = NO;
				GCC_WARN_64_TO_32_BIT_CONVERSION = YES;
				GCC_WARN_ABOUT_RETURN_TYPE = YES_ERROR;
				GCC_WARN_UNDECLARED_SELECTOR = YES;
				GCC_WARN_UNINITIALIZED_AUTOS = YES_AGGRESSIVE;
				GCC_WARN_UNUSED_FUNCTION = YES;
				GCC_WARN_UNUSED_VARIABLE = YES;
				IPHONEOS_DEPLOYMENT_TARGET = 8.3;
				MTL_ENABLE_DEBUG_INFO = YES;
				ONLY_ACTIVE_ARCH = YES;
				SDKROOT = iphoneos;
				SWIFT_OPTIMIZATION_LEVEL = "-Onone";
			};
			name = Debug;
		};
		8F50B4CD1B7327D400584140 /* Release */ = {
			isa = XCBuildConfiguration;
			buildSettings = {
				ALWAYS_SEARCH_USER_PATHS = NO;
				CLANG_CXX_LANGUAGE_STANDARD = "gnu++0x";
				CLANG_CXX_LIBRARY = "libc++";
				CLANG_ENABLE_MODULES = YES;
				CLANG_ENABLE_OBJC_ARC = YES;
				CLANG_WARN_BOOL_CONVERSION = YES;
				CLANG_WARN_CONSTANT_CONVERSION = YES;
				CLANG_WARN_DIRECT_OBJC_ISA_USAGE = YES_ERROR;
				CLANG_WARN_EMPTY_BODY = YES;
				CLANG_WARN_ENUM_CONVERSION = YES;
				CLANG_WARN_INT_CONVERSION = YES;
				CLANG_WARN_OBJC_ROOT_CLASS = YES_ERROR;
				CLANG_WARN_UNREACHABLE_CODE = YES;
				CLANG_WARN__DUPLICATE_METHOD_MATCH = YES;
				"CODE_SIGN_IDENTITY[sdk=iphoneos*]" = "iPhone Developer";
				COPY_PHASE_STRIP = NO;
				DEBUG_INFORMATION_FORMAT = "dwarf-with-dsym";
				ENABLE_NS_ASSERTIONS = NO;
				ENABLE_STRICT_OBJC_MSGSEND = YES;
				GCC_C_LANGUAGE_STANDARD = gnu99;
				GCC_NO_COMMON_BLOCKS = YES;
				GCC_WARN_64_TO_32_BIT_CONVERSION = YES;
				GCC_WARN_ABOUT_RETURN_TYPE = YES_ERROR;
				GCC_WARN_UNDECLARED_SELECTOR = YES;
				GCC_WARN_UNINITIALIZED_AUTOS = YES_AGGRESSIVE;
				GCC_WARN_UNUSED_FUNCTION = YES;
				GCC_WARN_UNUSED_VARIABLE = YES;
				IPHONEOS_DEPLOYMENT_TARGET = 8.3;
				MTL_ENABLE_DEBUG_INFO = NO;
				SDKROOT = iphoneos;
				VALIDATE_PRODUCT = YES;
			};
			name = Release;
		};
		8F50B4CF1B7327D400584140 /* Debug */ = {
			isa = XCBuildConfiguration;
			buildSettings = {
				ASSETCATALOG_COMPILER_APPICON_NAME = AppIcon;
				INFOPLIST_FILE = helloWorld/Info.plist;
				LD_RUNPATH_SEARCH_PATHS = "$(inherited) @executable_path/Frameworks";
				PRODUCT_NAME = "$(TARGET_NAME)";
			};
			name = Debug;
		};
		8F50B4D01B7327D400584140 /* Release */ = {
			isa = XCBuildConfiguration;
			buildSettings = {
				ASSETCATALOG_COMPILER_APPICON_NAME = AppIcon;
				INFOPLIST_FILE = helloWorld/Info.plist;
				LD_RUNPATH_SEARCH_PATHS = "$(inherited) @executable_path/Frameworks";
				PRODUCT_NAME = "$(TARGET_NAME)";
			};
			name = Release;
		};
		8F50B4D21B7327D400584140 /* Debug */ = {
			isa = XCBuildConfiguration;
			buildSettings = {
				BUNDLE_LOADER = "$(TEST_HOST)";
				FRAMEWORK_SEARCH_PATHS = (
					"$(SDKROOT)/Developer/Library/Frameworks",
					"$(inherited)",
				);
				GCC_PREPROCESSOR_DEFINITIONS = (
					"DEBUG=1",
					"$(inherited)",
				);
				INFOPLIST_FILE = helloWorldTests/Info.plist;
				LD_RUNPATH_SEARCH_PATHS = "$(inherited) @executable_path/Frameworks @loader_path/Frameworks";
				PRODUCT_NAME = "$(TARGET_NAME)";
				TEST_HOST = "$(BUILT_PRODUCTS_DIR)/helloWorld.app/helloWorld";
			};
			name = Debug;
		};
		8F50B4D31B7327D400584140 /* Release */ = {
			isa = XCBuildConfiguration;
			buildSettings = {
				BUNDLE_LOADER = "$(TEST_HOST)";
				FRAMEWORK_SEARCH_PATHS = (
					"$(SDKROOT)/Developer/Library/Frameworks",
					"$(inherited)",
				);
				INFOPLIST_FILE = helloWorldTests/Info.plist;
				LD_RUNPATH_SEARCH_PATHS = "$(inherited) @executable_path/Frameworks @loader_path/Frameworks";
				PRODUCT_NAME = "$(TARGET_NAME)";
				TEST_HOST = "$(BUILT_PRODUCTS_DIR)/helloWorld.app/helloWorld";
			};
			name = Release;
		};
/* End XCBuildConfiguration section */

/* Begin XCConfigurationList section */
		8F50B4AA1B7327D300584140 /* Build configuration list for PBXProject "helloWorld" */ = {
			isa = XCConfigurationList;
			buildConfigurations = (
				8F50B4CC1B7327D400584140 /* Debug */,
				8F50B4CD1B7327D400584140 /* Release */,
			);
			defaultConfigurationIsVisible = 0;
			defaultConfigurationName = Release;
		};
		8F50B4CE1B7327D400584140 /* Build configuration list for PBXNativeTarget "helloWorld" */ = {
			isa = XCConfigurationList;
			buildConfigurations = (
				8F50B4CF1B7327D400584140 /* Debug */,
				8F50B4D01B7327D400584140 /* Release */,
			);
			defaultConfigurationIsVisible = 0;
		};
		8F50B4D11B7327D400584140 /* Build configuration list for PBXNativeTarget "helloWorldTests" */ = {
			isa = XCConfigurationList;
			buildConfigurations = (
				8F50B4D21B7327D400584140 /* Debug */,
				8F50B4D31B7327D400584140 /* Release */,
			);
			defaultConfigurationIsVisible = 0;
		};
/* End XCConfigurationList section */
	};
	rootObject = 8F50B4A71B7327D300584140 /* Project object */;
}
